// !$*UTF8*$!
{
	archiveVersion = 1;
	classes = {
	};
	objectVersion = 50;
	objects = {

/* Begin PBXBuildFile section */
		182A816E2643DDAE005117B8 /* AppDelegate.m in Sources */ = {isa = PBXBuildFile; fileRef = 182A816D2643DDAE005117B8 /* AppDelegate.m */; };
		182A81742643DDAE005117B8 /* ViewController.m in Sources */ = {isa = PBXBuildFile; fileRef = 182A81732643DDAE005117B8 /* ViewController.m */; };
		182A81772643DDAE005117B8 /* Main.storyboard in Resources */ = {isa = PBXBuildFile; fileRef = 182A81752643DDAE005117B8 /* Main.storyboard */; };
		182A81792643DDB1005117B8 /* Assets.xcassets in Resources */ = {isa = PBXBuildFile; fileRef = 182A81782643DDB1005117B8 /* Assets.xcassets */; };
		182A817C2643DDB1005117B8 /* LaunchScreen.storyboard in Resources */ = {isa = PBXBuildFile; fileRef = 182A817A2643DDB1005117B8 /* LaunchScreen.storyboard */; };
		182A817F2643DDB1005117B8 /* main.m in Sources */ = {isa = PBXBuildFile; fileRef = 182A817E2643DDB1005117B8 /* main.m */; };
		182A81892643DE16005117B8 /* JHThread.m in Sources */ = {isa = PBXBuildFile; fileRef = 182A81882643DE16005117B8 /* JHThread.m */; };
		182A81922643E203005117B8 /* SubViewController.m in Sources */ = {isa = PBXBuildFile; fileRef = 182A81912643E203005117B8 /* SubViewController.m */; };
/* End PBXBuildFile section */

/* Begin PBXFileReference section */
		182A81692643DDAE005117B8 /* JHThread.app */ = {isa = PBXFileReference; explicitFileType = wrapper.application; includeInIndex = 0; path = JHThread.app; sourceTree = BUILT_PRODUCTS_DIR; };
		182A816C2643DDAE005117B8 /* AppDelegate.h */ = {isa = PBXFileReference; lastKnownFileType = sourcecode.c.h; path = AppDelegate.h; sourceTree = "<group>"; };
		182A816D2643DDAE005117B8 /* AppDelegate.m */ = {isa = PBXFileReference; lastKnownFileType = sourcecode.c.objc; path = AppDelegate.m; sourceTree = "<group>"; };
		182A81722643DDAE005117B8 /* ViewController.h */ = {isa = PBXFileReference; lastKnownFileType = sourcecode.c.h; path = ViewController.h; sourceTree = "<group>"; };
		182A81732643DDAE005117B8 /* ViewController.m */ = {isa = PBXFileReference; lastKnownFileType = sourcecode.c.objc; path = ViewController.m; sourceTree = "<group>"; };
		182A81762643DDAE005117B8 /* Base */ = {isa = PBXFileReference; lastKnownFileType = file.storyboard; name = Base; path = Base.lproj/Main.storyboard; sourceTree = "<group>"; };
		182A81782643DDB1005117B8 /* Assets.xcassets */ = {isa = PBXFileReference; lastKnownFileType = folder.assetcatalog; path = Assets.xcassets; sourceTree = "<group>"; };
		182A817B2643DDB1005117B8 /* Base */ = {isa = PBXFileReference; lastKnownFileType = file.storyboard; name = Base; path = Base.lproj/LaunchScreen.storyboard; sourceTree = "<group>"; };
		182A817D2643DDB1005117B8 /* Info.plist */ = {isa = PBXFileReference; lastKnownFileType = text.plist.xml; path = Info.plist; sourceTree = "<group>"; };
		182A817E2643DDB1005117B8 /* main.m */ = {isa = PBXFileReference; lastKnownFileType = sourcecode.c.objc; path = main.m; sourceTree = "<group>"; };
		182A81872643DE16005117B8 /* JHThread.h */ = {isa = PBXFileReference; lastKnownFileType = sourcecode.c.h; path = JHThread.h; sourceTree = "<group>"; };
		182A81882643DE16005117B8 /* JHThread.m */ = {isa = PBXFileReference; lastKnownFileType = sourcecode.c.objc; path = JHThread.m; sourceTree = "<group>"; };
		182A81902643E203005117B8 /* SubViewController.h */ = {isa = PBXFileReference; lastKnownFileType = sourcecode.c.h; path = SubViewController.h; sourceTree = "<group>"; };
		182A81912643E203005117B8 /* SubViewController.m */ = {isa = PBXFileReference; lastKnownFileType = sourcecode.c.objc; path = SubViewController.m; sourceTree = "<group>"; };
/* End PBXFileReference section */

/* Begin PBXFrameworksBuildPhase section */
		182A81662643DDAE005117B8 /* Frameworks */ = {
			isa = PBXFrameworksBuildPhase;
			buildActionMask = 2147483647;
			files = (
			);
			runOnlyForDeploymentPostprocessing = 0;
		};
/* End PBXFrameworksBuildPhase section */

/* Begin PBXGroup section */
		182A81602643DDAE005117B8 = {
			isa = PBXGroup;
			children = (
				182A816B2643DDAE005117B8 /* JHThread */,
				182A816A2643DDAE005117B8 /* Products */,
			);
			sourceTree = "<group>";
		};
		182A816A2643DDAE005117B8 /* Products */ = {
			isa = PBXGroup;
			children = (
				182A81692643DDAE005117B8 /* JHThread.app */,
			);
			name = Products;
			sourceTree = "<group>";
		};
		182A816B2643DDAE005117B8 /* JHThread */ = {
			isa = PBXGroup;
			children = (
				182A818D2643DE31005117B8 /* JHThread */,
				182A816C2643DDAE005117B8 /* AppDelegate.h */,
				182A816D2643DDAE005117B8 /* AppDelegate.m */,
				182A81722643DDAE005117B8 /* ViewController.h */,
				182A81732643DDAE005117B8 /* ViewController.m */,
				182A81902643E203005117B8 /* SubViewController.h */,
				182A81912643E203005117B8 /* SubViewController.m */,
				182A81752643DDAE005117B8 /* Main.storyboard */,
				182A81782643DDB1005117B8 /* Assets.xcassets */,
				182A817A2643DDB1005117B8 /* LaunchScreen.storyboard */,
				182A817D2643DDB1005117B8 /* Info.plist */,
				182A817E2643DDB1005117B8 /* main.m */,
			);
			path = JHThread;
			sourceTree = "<group>";
		};
		182A818D2643DE31005117B8 /* JHThread */ = {
			isa = PBXGroup;
			children = (
				182A81872643DE16005117B8 /* JHThread.h */,
				182A81882643DE16005117B8 /* JHThread.m */,
			);
			path = JHThread;
			sourceTree = "<group>";
		};
/* End PBXGroup section */

/* Begin PBXNativeTarget section */
		182A81682643DDAE005117B8 /* JHThread */ = {
			isa = PBXNativeTarget;
			buildConfigurationList = 182A81822643DDB1005117B8 /* Build configuration list for PBXNativeTarget "JHThread" */;
			buildPhases = (
				182A81652643DDAE005117B8 /* Sources */,
				182A81662643DDAE005117B8 /* Frameworks */,
				182A81672643DDAE005117B8 /* Resources */,
			);
			buildRules = (
			);
			dependencies = (
			);
			name = JHThread;
			productName = JHThread;
			productReference = 182A81692643DDAE005117B8 /* JHThread.app */;
			productType = "com.apple.product-type.application";
		};
/* End PBXNativeTarget section */

/* Begin PBXProject section */
		182A81612643DDAE005117B8 /* Project object */ = {
			isa = PBXProject;
			attributes = {
				LastUpgradeCheck = 1240;
				TargetAttributes = {
					182A81682643DDAE005117B8 = {
						CreatedOnToolsVersion = 12.4;
					};
				};
			};
			buildConfigurationList = 182A81642643DDAE005117B8 /* Build configuration list for PBXProject "JHThread" */;
			compatibilityVersion = "Xcode 9.3";
			developmentRegion = en;
			hasScannedForEncodings = 0;
			knownRegions = (
				en,
				Base,
			);
			mainGroup = 182A81602643DDAE005117B8;
			productRefGroup = 182A816A2643DDAE005117B8 /* Products */;
			projectDirPath = "";
			projectRoot = "";
			targets = (
				182A81682643DDAE005117B8 /* JHThread */,
			);
		};
/* End PBXProject section */

/* Begin PBXResourcesBuildPhase section */
		182A81672643DDAE005117B8 /* Resources */ = {
			isa = PBXResourcesBuildPhase;
			buildActionMask = 2147483647;
			files = (
				182A817C2643DDB1005117B8 /* LaunchScreen.storyboard in Resources */,
				182A81792643DDB1005117B8 /* Assets.xcassets in Resources */,
				182A81772643DDAE005117B8 /* Main.storyboard in Resources */,
			);
			runOnlyForDeploymentPostprocessing = 0;
		};
/* End PBXResourcesBuildPhase section */

/* Begin PBXSourcesBuildPhase section */
		182A81652643DDAE005117B8 /* Sources */ = {
			isa = PBXSourcesBuildPhase;
			buildActionMask = 2147483647;
			files = (
				182A81922643E203005117B8 /* SubViewController.m in Sources */,
				182A81742643DDAE005117B8 /* ViewController.m in Sources */,
				182A816E2643DDAE005117B8 /* AppDelegate.m in Sources */,
				182A817F2643DDB1005117B8 /* main.m in Sources */,
				182A81892643DE16005117B8 /* JHThread.m in Sources */,
			);
			runOnlyForDeploymentPostprocessing = 0;
		};
/* End PBXSourcesBuildPhase section */

/* Begin PBXVariantGroup section */
		182A81752643DDAE005117B8 /* Main.storyboard */ = {
			isa = PBXVariantGroup;
			children = (
				182A81762643DDAE005117B8 /* Base */,
			);
			name = Main.storyboard;
			sourceTree = "<group>";
		};
		182A817A2643DDB1005117B8 /* LaunchScreen.storyboard */ = {
			isa = PBXVariantGroup;
			children = (
				182A817B2643DDB1005117B8 /* Base */,
			);
			name = LaunchScreen.storyboard;
			sourceTree = "<group>";
		};
/* End PBXVariantGroup section */

/* Begin XCBuildConfiguration section */
		182A81802643DDB1005117B8 /* Debug */ = {
			isa = XCBuildConfiguration;
			buildSettings = {
				ALWAYS_SEARCH_USER_PATHS = NO;
				CLANG_ANALYZER_NONNULL = YES;
				CLANG_ANALYZER_NUMBER_OBJECT_CONVERSION = YES_AGGRESSIVE;
				CLANG_CXX_LANGUAGE_STANDARD = "gnu++14";
				CLANG_CXX_LIBRARY = "libc++";
				CLANG_ENABLE_MODULES = YES;
				CLANG_ENABLE_OBJC_ARC = YES;
				CLANG_ENABLE_OBJC_WEAK = YES;
				CLANG_WARN_BLOCK_CAPTURE_AUTORELEASING = YES;
				CLANG_WARN_BOOL_CONVERSION = YES;
				CLANG_WARN_COMMA = YES;
				CLANG_WARN_CONSTANT_CONVERSION = YES;
				CLANG_WARN_DEPRECATED_OBJC_IMPLEMENTATIONS = YES;
				CLANG_WARN_DIRECT_OBJC_ISA_USAGE = YES_ERROR;
				CLANG_WARN_DOCUMENTATION_COMMENTS = YES;
				CLANG_WARN_EMPTY_BODY = YES;
				CLANG_WARN_ENUM_CONVERSION = YES;
				CLANG_WARN_INFINITE_RECURSION = YES;
				CLANG_WARN_INT_CONVERSION = YES;
				CLANG_WARN_NON_LITERAL_NULL_CONVERSION = YES;
				CLANG_WARN_OBJC_IMPLICIT_RETAIN_SELF = YES;
				CLANG_WARN_OBJC_LITERAL_CONVERSION = YES;
				CLANG_WARN_OBJC_ROOT_CLASS = YES_ERROR;
				CLANG_WARN_QUOTED_INCLUDE_IN_FRAMEWORK_HEADER = YES;
				CLANG_WARN_RANGE_LOOP_ANALYSIS = YES;
				CLANG_WARN_STRICT_PROTOTYPES = YES;
				CLANG_WARN_SUSPICIOUS_MOVE = YES;
				CLANG_WARN_UNGUARDED_AVAILABILITY = YES_AGGRESSIVE;
				CLANG_WARN_UNREACHABLE_CODE = YES;
				CLANG_WARN__DUPLICATE_METHOD_MATCH = YES;
				COPY_PHASE_STRIP = NO;
				DEBUG_INFORMATION_FORMAT = dwarf;
				ENABLE_STRICT_OBJC_MSGSEND = YES;
				ENABLE_TESTABILITY = YES;
				GCC_C_LANGUAGE_STANDARD = gnu11;
				GCC_DYNAMIC_NO_PIC = NO;
				GCC_NO_COMMON_BLOCKS = YES;
				GCC_OPTIMIZATION_LEVEL = 0;
				GCC_PREPROCESSOR_DEFINITIONS = (
					"DEBUG=1",
					"$(inherited)",
				);
				GCC_WARN_64_TO_32_BIT_CONVERSION = YES;
				GCC_WARN_ABOUT_RETURN_TYPE = YES_ERROR;
				GCC_WARN_UNDECLARED_SELECTOR = YES;
				GCC_WARN_UNINITIALIZED_AUTOS = YES_AGGRESSIVE;
				GCC_WARN_UNUSED_FUNCTION = YES;
				GCC_WARN_UNUSED_VARIABLE = YES;
				IPHONEOS_DEPLOYMENT_TARGET = 14.4;
				MTL_ENABLE_DEBUG_INFO = INCLUDE_SOURCE;
				MTL_FAST_MATH = YES;
				ONLY_ACTIVE_ARCH = YES;
				SDKROOT = iphoneos;
			};
			name = Debug;
		};
		182A81812643DDB1005117B8 /* Release */ = {
			isa = XCBuildConfiguration;
			buildSettings = {
				ALWAYS_SEARCH_USER_PATHS = NO;
				CLANG_ANALYZER_NONNULL = YES;
				CLANG_ANALYZER_NUMBER_OBJECT_CONVERSION = YES_AGGRESSIVE;
				CLANG_CXX_LANGUAGE_STANDARD = "gnu++14";
				CLANG_CXX_LIBRARY = "libc++";
				CLANG_ENABLE_MODULES = YES;
				CLANG_ENABLE_OBJC_ARC = YES;
				CLANG_ENABLE_OBJC_WEAK = YES;
				CLANG_WARN_BLOCK_CAPTURE_AUTORELEASING = YES;
				CLANG_WARN_BOOL_CONVERSION = YES;
				CLANG_WARN_COMMA = YES;
				CLANG_WARN_CONSTANT_CONVERSION = YES;
				CLANG_WARN_DEPRECATED_OBJC_IMPLEMENTATIONS = YES;
				CLANG_WARN_DIRECT_OBJC_ISA_USAGE = YES_ERROR;
				CLANG_WARN_DOCUMENTATION_COMMENTS = YES;
				CLANG_WARN_EMPTY_BODY = YES;
				CLANG_WARN_ENUM_CONVERSION = YES;
				CLANG_WARN_INFINITE_RECURSION = YES;
				CLANG_WARN_INT_CONVERSION = YES;
				CLANG_WARN_NON_LITERAL_NULL_CONVERSION = YES;
				CLANG_WARN_OBJC_IMPLICIT_RETAIN_SELF = YES;
				CLANG_WARN_OBJC_LITERAL_CONVERSION = YES;
				CLANG_WARN_OBJC_ROOT_CLASS = YES_ERROR;
				CLANG_WARN_QUOTED_INCLUDE_IN_FRAMEWORK_HEADER = YES;
				CLANG_WARN_RANGE_LOOP_ANALYSIS = YES;
				CLANG_WARN_STRICT_PROTOTYPES = YES;
				CLANG_WARN_SUSPICIOUS_MOVE = YES;
				CLANG_WARN_UNGUARDED_AVAILABILITY = YES_AGGRESSIVE;
				CLANG_WARN_UNREACHABLE_CODE = YES;
				CLANG_WARN__DUPLICATE_METHOD_MATCH = YES;
				COPY_PHASE_STRIP = NO;
				DEBUG_INFORMATION_FORMAT = "dwarf-with-dsym";
				ENABLE_NS_ASSERTIONS = NO;
				ENABLE_STRICT_OBJC_MSGSEND = YES;
				GCC_C_LANGUAGE_STANDARD = gnu11;
				GCC_NO_COMMON_BLOCKS = YES;
				GCC_WARN_64_TO_32_BIT_CONVERSION = YES;
				GCC_WARN_ABOUT_RETURN_TYPE = YES_ERROR;
				GCC_WARN_UNDECLARED_SELECTOR = YES;
				GCC_WARN_UNINITIALIZED_AUTOS = YES_AGGRESSIVE;
				GCC_WARN_UNUSED_FUNCTION = YES;
				GCC_WARN_UNUSED_VARIABLE = YES;
				IPHONEOS_DEPLOYMENT_TARGET = 14.4;
				MTL_ENABLE_DEBUG_INFO = NO;
				MTL_FAST_MATH = YES;
				SDKROOT = iphoneos;
				VALIDATE_PRODUCT = YES;
			};
			name = Release;
		};
		182A81832643DDB1005117B8 /* Debug */ = {
			isa = XCBuildConfiguration;
			buildSettings = {
				ASSETCATALOG_COMPILER_APPICON_NAME = AppIcon;
				ASSETCATALOG_COMPILER_GLOBAL_ACCENT_COLOR_NAME = AccentColor;
				CODE_SIGN_STYLE = Automatic;
				INFOPLIST_FILE = JHThread/Info.plist;
				IPHONEOS_DEPLOYMENT_TARGET = 11.4;
				LD_RUNPATH_SEARCH_PATHS = (
					"$(inherited)",
					"@executable_path/Frameworks",
				);
				PRODUCT_BUNDLE_IDENTIFIER = com.haocold.JHThread;
				PRODUCT_NAME = "$(TARGET_NAME)";
				TARGETED_DEVICE_FAMILY = "1,2";
			};
			name = Debug;
		};
		182A81842643DDB1005117B8 /* Release */ = {
			isa = XCBuildConfiguration;
			buildSettings = {
				ASSETCATALOG_COMPILER_APPICON_NAME = AppIcon;
				ASSETCATALOG_COMPILER_GLOBAL_ACCENT_COLOR_NAME = AccentColor;
				CODE_SIGN_STYLE = Automatic;
				INFOPLIST_FILE = JHThread/Info.plist;
				IPHONEOS_DEPLOYMENT_TARGET = 11.4;
				LD_RUNPATH_SEARCH_PATHS = (
					"$(inherited)",
					"@executable_path/Frameworks",
				);
				PRODUCT_BUNDLE_IDENTIFIER = com.haocold.JHThread;
				PRODUCT_NAME = "$(TARGET_NAME)";
				TARGETED_DEVICE_FAMILY = "1,2";
			};
			name = Release;
		};
/* End XCBuildConfiguration section */

/* Begin XCConfigurationList section */
		182A81642643DDAE005117B8 /* Build configuration list for PBXProject "JHThread" */ = {
			isa = XCConfigurationList;
			buildConfigurations = (
				182A81802643DDB1005117B8 /* Debug */,
				182A81812643DDB1005117B8 /* Release */,
			);
			defaultConfigurationIsVisible = 0;
			defaultConfigurationName = Release;
		};
		182A81822643DDB1005117B8 /* Build configuration list for PBXNativeTarget "JHThread" */ = {
			isa = XCConfigurationList;
			buildConfigurations = (
				182A81832643DDB1005117B8 /* Debug */,
				182A81842643DDB1005117B8 /* Release */,
			);
			defaultConfigurationIsVisible = 0;
			defaultConfigurationName = Release;
		};
/* End XCConfigurationList section */
	};
	rootObject = 182A81612643DDAE005117B8 /* Project object */;
}
